
Microsoft Visual Studio Solution File, Format Version 12.00
# Visual Studio Version 16
VisualStudioVersion = 16.0.30413.136
MinimumVisualStudioVersion = 10.0.40219.1
Project("{FAE04EC0-301F-11D3-BF4B-00C04F79EFBC}") = "StudyingplanApp", "WebApplication1\StudyingplanApp.csproj", "{04311F8A-C7F3-44AA-AC63-85CE061AB081}"
EndProject
Global
	GlobalSection(SolutionConfigurationPlatforms) = preSolution
		Debug|Any CPU = Debug|Any CPU
		Release|Any CPU = Release|Any CPU
	EndGlobalSection
	GlobalSection(ProjectConfigurationPlatforms) = postSolution
		{04311F8A-C7F3-44AA-AC63-85CE061AB081}.Debug|Any CPU.ActiveCfg = Debug|Any CPU
		{04311F8A-C7F3-44AA-AC63-85CE061AB081}.Debug|Any CPU.Build.0 = Debug|Any CPU
		{04311F8A-C7F3-44AA-AC63-85CE061AB081}.Release|Any CPU.ActiveCfg = Release|Any CPU
		{04311F8A-C7F3-44AA-AC63-85CE061AB081}.Release|Any CPU.Build.0 = Release|Any CPU
	EndGlobalSection
	GlobalSection(SolutionProperties) = preSolution
		HideSolutionNode = FALSE
	EndGlobalSection
	GlobalSection(ExtensibilityGlobals) = postSolution
		SolutionGuid = {F74D7FED-74CA-4470-A014-04A6945D0B34}
	EndGlobalSection
EndGlobal
